
Microsoft Visual Studio Solution File, Format Version 12.00
# Visual Studio Version 16
VisualStudioVersion = 16.0.30523.141
MinimumVisualStudioVersion = 10.0.40219.1
Project("{FAE04EC0-301F-11D3-BF4B-00C04F79EFBC}") = "UserRegistrationCode", "UserRegistrationCode\UserRegistrationCode.csproj", "{9428C596-F328-4DC6-B85D-BFC540DB7DCD}"
EndProject
Global
	GlobalSection(SolutionConfigurationPlatforms) = preSolution
		Debug|Any CPU = Debug|Any CPU
		Release|Any CPU = Release|Any CPU
	EndGlobalSection
	GlobalSection(ProjectConfigurationPlatforms) = postSolution
		{9428C596-F328-4DC6-B85D-BFC540DB7DCD}.Debug|Any CPU.ActiveCfg = Debug|Any CPU
		{9428C596-F328-4DC6-B85D-BFC540DB7DCD}.Debug|Any CPU.Build.0 = Debug|Any CPU
		{9428C596-F328-4DC6-B85D-BFC540DB7DCD}.Release|Any CPU.ActiveCfg = Release|Any CPU
		{9428C596-F328-4DC6-B85D-BFC540DB7DCD}.Release|Any CPU.Build.0 = Release|Any CPU
	EndGlobalSection
	GlobalSection(SolutionProperties) = preSolution
		HideSolutionNode = FALSE
	EndGlobalSection
	GlobalSection(ExtensibilityGlobals) = postSolution
		SolutionGuid = {3CDBDB3B-946C-441C-887E-967AF85B6648}
	EndGlobalSection
EndGlobal
